
Microsoft Visual Studio Solution File, Format Version 12.00
# Visual Studio Version 17
VisualStudioVersion = 17.7.34009.444
MinimumVisualStudioVersion = 10.0.40219.1
Project("{FAE04EC0-301F-11D3-BF4B-00C04F79EFBC}") = "CS_BMI", "CS_BMI.csproj", "{99137A71-4A31-4D0B-8D9A-12B177ACDCBD}"
EndProject
Global
	GlobalSection(SolutionConfigurationPlatforms) = preSolution
		Debug|Any CPU = Debug|Any CPU
		Release|Any CPU = Release|Any CPU
	EndGlobalSection
	GlobalSection(ProjectConfigurationPlatforms) = postSolution
		{99137A71-4A31-4D0B-8D9A-12B177ACDCBD}.Debug|Any CPU.ActiveCfg = Debug|Any CPU
		{99137A71-4A31-4D0B-8D9A-12B177ACDCBD}.Debug|Any CPU.Build.0 = Debug|Any CPU
		{99137A71-4A31-4D0B-8D9A-12B177ACDCBD}.Release|Any CPU.ActiveCfg = Release|Any CPU
		{99137A71-4A31-4D0B-8D9A-12B177ACDCBD}.Release|Any CPU.Build.0 = Release|Any CPU
	EndGlobalSection
	GlobalSection(SolutionProperties) = preSolution
		HideSolutionNode = FALSE
	EndGlobalSection
	GlobalSection(ExtensibilityGlobals) = postSolution
		SolutionGuid = {CD29D9B3-5ED4-412E-8F54-E54B9B03AD58}
	EndGlobalSection
EndGlobal
